// !$*UTF8*$!
{
	archiveVersion = 1;
	classes = {
	};
	objectVersion = 77;
	objects = {

/* Begin PBXContainerItemProxy section */
		3FFDAE9E2ED466C000859291 /* PBXContainerItemProxy */ = {
			isa = PBXContainerItemProxy;
			containerPortal = 3FFDAE882ED466BF00859291 /* Project object */;
			proxyType = 1;
			remoteGlobalIDString = 3FFDAE8F2ED466C000859291;
			remoteInfo = "QuizMaster TV";
		};
		3FFDAEA82ED466C000859291 /* PBXContainerItemProxy */ = {
			isa = PBXContainerItemProxy;
			containerPortal = 3FFDAE882ED466BF00859291 /* Project object */;
			proxyType = 1;
			remoteGlobalIDString = 3FFDAE8F2ED466C000859291;
			remoteInfo = "QuizMaster TV";
		};
/* End PBXContainerItemProxy section */

/* Begin PBXFileReference section */
		3FFDAE902ED466C000859291 /* QuizMaster TV.app */ = {isa = PBXFileReference; explicitFileType = wrapper.application; includeInIndex = 0; path = "QuizMaster TV.app"; sourceTree = BUILT_PRODUCTS_DIR; };
		3FFDAE9D2ED466C000859291 /* QuizMaster TVTests.xctest */ = {isa = PBXFileReference; explicitFileType = wrapper.cfbundle; includeInIndex = 0; path = "QuizMaster TVTests.xctest"; sourceTree = BUILT_PRODUCTS_DIR; };
		3FFDAEA72ED466C000859291 /* QuizMaster TVUITests.xctest */ = {isa = PBXFileReference; explicitFileType = wrapper.cfbundle; includeInIndex = 0; path = "QuizMaster TVUITests.xctest"; sourceTree = BUILT_PRODUCTS_DIR; };
/* End PBXFileReference section */

/* Begin PBXFileSystemSynchronizedRootGroup section */
		3FFDAE922ED466C000859291 /* QuizMaster TV */ = {
			isa = PBXFileSystemSynchronizedRootGroup;
			path = "QuizMaster TV";
			sourceTree = "<group>";
		};
		3FFDAEA02ED466C000859291 /* QuizMaster TVTests */ = {
			isa = PBXFileSystemSynchronizedRootGroup;
			path = "QuizMaster TVTests";
			sourceTree = "<group>";
		};
		3FFDAEAA2ED466C000859291 /* QuizMaster TVUITests */ = {
			isa = PBXFileSystemSynchronizedRootGroup;
			path = "QuizMaster TVUITests";
			sourceTree = "<group>";
		};
/* End PBXFileSystemSynchronizedRootGroup section */

/* Begin PBXFrameworksBuildPhase section */
		3FFDAE8D2ED466C000859291 /* Frameworks */ = {
			isa = PBXFrameworksBuildPhase;
			buildActionMask = 2147483647;
			files = (
			);
			runOnlyForDeploymentPostprocessing = 0;
		};
		3FFDAE9A2ED466C000859291 /* Frameworks */ = {
			isa = PBXFrameworksBuildPhase;
			buildActionMask = 2147483647;
			files = (
			);
			runOnlyForDeploymentPostprocessing = 0;
		};
		3FFDAEA42ED466C000859291 /* Frameworks */ = {
			isa = PBXFrameworksBuildPhase;
			buildActionMask = 2147483647;
			files = (
			);
			runOnlyForDeploymentPostprocessing = 0;
		};
/* End PBXFrameworksBuildPhase section */

/* Begin PBXGroup section */
		3FFDAE872ED466BF00859291 = {
			isa = PBXGroup;
			children = (
				3FFDAE922ED466C000859291 /* QuizMaster TV */,
				3FFDAEA02ED466C000859291 /* QuizMaster TVTests */,
				3FFDAEAA2ED466C000859291 /* QuizMaster TVUITests */,
				3FFDAE912ED466C000859291 /* Products */,
			);
			sourceTree = "<group>";
		};
		3FFDAE912ED466C000859291 /* Products */ = {
			isa = PBXGroup;
			children = (
				3FFDAE902ED466C000859291 /* QuizMaster TV.app */,
				3FFDAE9D2ED466C000859291 /* QuizMaster TVTests.xctest */,
				3FFDAEA72ED466C000859291 /* QuizMaster TVUITests.xctest */,
			);
			name = Products;
			sourceTree = "<group>";
		};
/* End PBXGroup section */

/* Begin PBXNativeTarget section */
		3FFDAE8F2ED466C000859291 /* QuizMaster TV */ = {
			isa = PBXNativeTarget;
			buildConfigurationList = 3FFDAEB12ED466C000859291 /* Build configuration list for PBXNativeTarget "QuizMaster TV" */;
			buildPhases = (
				3FFDAE8C2ED466C000859291 /* Sources */,
				3FFDAE8D2ED466C000859291 /* Frameworks */,
				3FFDAE8E2ED466C000859291 /* Resources */,
			);
			buildRules = (
			);
			dependencies = (
			);
			fileSystemSynchronizedGroups = (
				3FFDAE922ED466C000859291 /* QuizMaster TV */,
			);
			name = "QuizMaster TV";
			packageProductDependencies = (
			);
			productName = "QuizMaster TV";
			productReference = 3FFDAE902ED466C000859291 /* QuizMaster TV.app */;
			productType = "com.apple.product-type.application";
		};
		3FFDAE9C2ED466C000859291 /* QuizMaster TVTests */ = {
			isa = PBXNativeTarget;
			buildConfigurationList = 3FFDAEB42ED466C000859291 /* Build configuration list for PBXNativeTarget "QuizMaster TVTests" */;
			buildPhases = (
				3FFDAE992ED466C000859291 /* Sources */,
				3FFDAE9A2ED466C000859291 /* Frameworks */,
				3FFDAE9B2ED466C000859291 /* Resources */,
			);
			buildRules = (
			);
			dependencies = (
				3FFDAE9F2ED466C000859291 /* PBXTargetDependency */,
			);
			fileSystemSynchronizedGroups = (
				3FFDAEA02ED466C000859291 /* QuizMaster TVTests */,
			);
			name = "QuizMaster TVTests";
			packageProductDependencies = (
			);
			productName = "QuizMaster TVTests";
			productReference = 3FFDAE9D2ED466C000859291 /* QuizMaster TVTests.xctest */;
			productType = "com.apple.product-type.bundle.unit-test";
		};
		3FFDAEA62ED466C000859291 /* QuizMaster TVUITests */ = {
			isa = PBXNativeTarget;
			buildConfigurationList = 3FFDAEB72ED466C000859291 /* Build configuration list for PBXNativeTarget "QuizMaster TVUITests" */;
			buildPhases = (
				3FFDAEA32ED466C000859291 /* Sources */,
				3FFDAEA42ED466C000859291 /* Frameworks */,
				3FFDAEA52ED466C000859291 /* Resources */,
			);
			buildRules = (
			);
			dependencies = (
				3FFDAEA92ED466C000859291 /* PBXTargetDependency */,
			);
			fileSystemSynchronizedGroups = (
				3FFDAEAA2ED466C000859291 /* QuizMaster TVUITests */,
			);
			name = "QuizMaster TVUITests";
			packageProductDependencies = (
			);
			productName = "QuizMaster TVUITests";
			productReference = 3FFDAEA72ED466C000859291 /* QuizMaster TVUITests.xctest */;
			productType = "com.apple.product-type.bundle.ui-testing";
		};
/* End PBXNativeTarget section */

/* Begin PBXProject section */
		3FFDAE882ED466BF00859291 /* Project object */ = {
			isa = PBXProject;
			attributes = {
				BuildIndependentTargetsInParallel = 1;
				LastSwiftUpdateCheck = 2600;
				LastUpgradeCheck = 2600;
				TargetAttributes = {
					3FFDAE8F2ED466C000859291 = {
						CreatedOnToolsVersion = 26.0.1;
					};
					3FFDAE9C2ED466C000859291 = {
						CreatedOnToolsVersion = 26.0.1;
						TestTargetID = 3FFDAE8F2ED466C000859291;
					};
					3FFDAEA62ED466C000859291 = {
						CreatedOnToolsVersion = 26.0.1;
						TestTargetID = 3FFDAE8F2ED466C000859291;
					};
				};
			};
			buildConfigurationList = 3FFDAE8B2ED466C000859291 /* Build configuration list for PBXProject "QuizMaster TV" */;
			developmentRegion = en;
			hasScannedForEncodings = 0;
			knownRegions = (
				en,
				Base,
			);
			mainGroup = 3FFDAE872ED466BF00859291;
			minimizedProjectReferenceProxies = 1;
			preferredProjectObjectVersion = 77;
			productRefGroup = 3FFDAE912ED466C000859291 /* Products */;
			projectDirPath = "";
			projectRoot = "";
			targets = (
				3FFDAE8F2ED466C000859291 /* QuizMaster TV */,
				3FFDAE9C2ED466C000859291 /* QuizMaster TVTests */,
				3FFDAEA62ED466C000859291 /* QuizMaster TVUITests */,
			);
		};
/* End PBXProject section */

/* Begin PBXResourcesBuildPhase section */
		3FFDAE8E2ED466C000859291 /* Resources */ = {
			isa = PBXResourcesBuildPhase;
			buildActionMask = 2147483647;
			files = (
			);
			runOnlyForDeploymentPostprocessing = 0;
		};
		3FFDAE9B2ED466C000859291 /* Resources */ = {
			isa = PBXResourcesBuildPhase;
			buildActionMask = 2147483647;
			files = (
			);
			runOnlyForDeploymentPostprocessing = 0;
		};
		3FFDAEA52ED466C000859291 /* Resources */ = {
			isa = PBXResourcesBuildPhase;
			buildActionMask = 2147483647;
			files = (
			);
			runOnlyForDeploymentPostprocessing = 0;
		};
/* End PBXResourcesBuildPhase section */

/* Begin PBXSourcesBuildPhase section */
		3FFDAE8C2ED466C000859291 /* Sources */ = {
			isa = PBXSourcesBuildPhase;
			buildActionMask = 2147483647;
			files = (
			);
			runOnlyForDeploymentPostprocessing = 0;
		};
		3FFDAE992ED466C000859291 /* Sources */ = {
			isa = PBXSourcesBuildPhase;
			buildActionMask = 2147483647;
			files = (
			);
			runOnlyForDeploymentPostprocessing = 0;
		};
		3FFDAEA32ED466C000859291 /* Sources */ = {
			isa = PBXSourcesBuildPhase;
			buildActionMask = 2147483647;
			files = (
			);
			runOnlyForDeploymentPostprocessing = 0;
		};
/* End PBXSourcesBuildPhase section */

/* Begin PBXTargetDependency section */
		3FFDAE9F2ED466C000859291 /* PBXTargetDependency */ = {
			isa = PBXTargetDependency;
			target = 3FFDAE8F2ED466C000859291 /* QuizMaster TV */;
			targetProxy = 3FFDAE9E2ED466C000859291 /* PBXContainerItemProxy */;
		};
		3FFDAEA92ED466C000859291 /* PBXTargetDependency */ = {
			isa = PBXTargetDependency;
			target = 3FFDAE8F2ED466C000859291 /* QuizMaster TV */;
			targetProxy = 3FFDAEA82ED466C000859291 /* PBXContainerItemProxy */;
		};
/* End PBXTargetDependency section */

/* Begin XCBuildConfiguration section */
		3FFDAEAF2ED466C000859291 /* Debug */ = {
			isa = XCBuildConfiguration;
			buildSettings = {
				ALWAYS_SEARCH_USER_PATHS = NO;
				ASSETCATALOG_COMPILER_GENERATE_SWIFT_ASSET_SYMBOL_EXTENSIONS = YES;
				CLANG_ANALYZER_NONNULL = YES;
				CLANG_ANALYZER_NUMBER_OBJECT_CONVERSION = YES_AGGRESSIVE;
				CLANG_CXX_LANGUAGE_STANDARD = "gnu++20";
				CLANG_ENABLE_MODULES = YES;
				CLANG_ENABLE_OBJC_ARC = YES;
				CLANG_ENABLE_OBJC_WEAK = YES;
				CLANG_WARN_BLOCK_CAPTURE_AUTORELEASING = YES;
				CLANG_WARN_BOOL_CONVERSION = YES;
				CLANG_WARN_COMMA = YES;
				CLANG_WARN_CONSTANT_CONVERSION = YES;
				CLANG_WARN_DEPRECATED_OBJC_IMPLEMENTATIONS = YES;
				CLANG_WARN_DIRECT_OBJC_ISA_USAGE = YES_ERROR;
				CLANG_WARN_DOCUMENTATION_COMMENTS = YES;
				CLANG_WARN_EMPTY_BODY = YES;
				CLANG_WARN_ENUM_CONVERSION = YES;
				CLANG_WARN_INFINITE_RECURSION = YES;
				CLANG_WARN_INT_CONVERSION = YES;
				CLANG_WARN_NON_LITERAL_NULL_CONVERSION = YES;
				CLANG_WARN_OBJC_IMPLICIT_RETAIN_SELF = YES;
				CLANG_WARN_OBJC_LITERAL_CONVERSION = YES;
				CLANG_WARN_OBJC_ROOT_CLASS = YES_ERROR;
				CLANG_WARN_QUOTED_INCLUDE_IN_FRAMEWORK_HEADER = YES;
				CLANG_WARN_RANGE_LOOP_ANALYSIS = YES;
				CLANG_WARN_STRICT_PROTOTYPES = YES;
				CLANG_WARN_SUSPICIOUS_MOVE = YES;
				CLANG_WARN_UNGUARDED_AVAILABILITY = YES_AGGRESSIVE;
				CLANG_WARN_UNREACHABLE_CODE = YES;
				CLANG_WARN__DUPLICATE_METHOD_MATCH = YES;
				COPY_PHASE_STRIP = NO;
				DEBUG_INFORMATION_FORMAT = dwarf;
				ENABLE_STRICT_OBJC_MSGSEND = YES;
				ENABLE_TESTABILITY = YES;
				ENABLE_USER_SCRIPT_SANDBOXING = YES;
				GCC_C_LANGUAGE_STANDARD = gnu17;
				GCC_DYNAMIC_NO_PIC = NO;
				GCC_NO_COMMON_BLOCKS = YES;
				GCC_OPTIMIZATION_LEVEL = 0;
				GCC_PREPROCESSOR_DEFINITIONS = (
					"DEBUG=1",
					"$(inherited)",
				);
				GCC_WARN_64_TO_32_BIT_CONVERSION = YES;
				GCC_WARN_ABOUT_RETURN_TYPE = YES_ERROR;
				GCC_WARN_UNDECLARED_SELECTOR = YES;
				GCC_WARN_UNINITIALIZED_AUTOS = YES_AGGRESSIVE;
				GCC_WARN_UNUSED_FUNCTION = YES;
				GCC_WARN_UNUSED_VARIABLE = YES;
				LOCALIZATION_PREFERS_STRING_CATALOGS = YES;
				MTL_ENABLE_DEBUG_INFO = INCLUDE_SOURCE;
				MTL_FAST_MATH = YES;
				ONLY_ACTIVE_ARCH = YES;
				SDKROOT = appletvos;
				SWIFT_ACTIVE_COMPILATION_CONDITIONS = "DEBUG $(inherited)";
				SWIFT_OPTIMIZATION_LEVEL = "-Onone";
				TVOS_DEPLOYMENT_TARGET = 26.0;
			};
			name = Debug;
		};
		3FFDAEB02ED466C000859291 /* Release */ = {
			isa = XCBuildConfiguration;
			buildSettings = {
				ALWAYS_SEARCH_USER_PATHS = NO;
				ASSETCATALOG_COMPILER_GENERATE_SWIFT_ASSET_SYMBOL_EXTENSIONS = YES;
				CLANG_ANALYZER_NONNULL = YES;
				CLANG_ANALYZER_NUMBER_OBJECT_CONVERSION = YES_AGGRESSIVE;
				CLANG_CXX_LANGUAGE_STANDARD = "gnu++20";
				CLANG_ENABLE_MODULES = YES;
				CLANG_ENABLE_OBJC_ARC = YES;
				CLANG_ENABLE_OBJC_WEAK = YES;
				CLANG_WARN_BLOCK_CAPTURE_AUTORELEASING = YES;
				CLANG_WARN_BOOL_CONVERSION = YES;
				CLANG_WARN_COMMA = YES;
				CLANG_WARN_CONSTANT_CONVERSION = YES;
				CLANG_WARN_DEPRECATED_OBJC_IMPLEMENTATIONS = YES;
				CLANG_WARN_DIRECT_OBJC_ISA_USAGE = YES_ERROR;
				CLANG_WARN_DOCUMENTATION_COMMENTS = YES;
				CLANG_WARN_EMPTY_BODY = YES;
				CLANG_WARN_ENUM_CONVERSION = YES;
				CLANG_WARN_INFINITE_RECURSION = YES;
				CLANG_WARN_INT_CONVERSION = YES;
				CLANG_WARN_NON_LITERAL_NULL_CONVERSION = YES;
				CLANG_WARN_OBJC_IMPLICIT_RETAIN_SELF = YES;
				CLANG_WARN_OBJC_LITERAL_CONVERSION = YES;
				CLANG_WARN_OBJC_ROOT_CLASS = YES_ERROR;
				CLANG_WARN_QUOTED_INCLUDE_IN_FRAMEWORK_HEADER = YES;
				CLANG_WARN_RANGE_LOOP_ANALYSIS = YES;
				CLANG_WARN_STRICT_PROTOTYPES = YES;
				CLANG_WARN_SUSPICIOUS_MOVE = YES;
				CLANG_WARN_UNGUARDED_AVAILABILITY = YES_AGGRESSIVE;
				CLANG_WARN_UNREACHABLE_CODE = YES;
				CLANG_WARN__DUPLICATE_METHOD_MATCH = YES;
				COPY_PHASE_STRIP = NO;
				DEBUG_INFORMATION_FORMAT = "dwarf-with-dsym";
				ENABLE_NS_ASSERTIONS = NO;
				ENABLE_STRICT_OBJC_MSGSEND = YES;
				ENABLE_USER_SCRIPT_SANDBOXING = YES;
				GCC_C_LANGUAGE_STANDARD = gnu17;
				GCC_NO_COMMON_BLOCKS = YES;
				GCC_WARN_64_TO_32_BIT_CONVERSION = YES;
				GCC_WARN_ABOUT_RETURN_TYPE = YES_ERROR;
				GCC_WARN_UNDECLARED_SELECTOR = YES;
				GCC_WARN_UNINITIALIZED_AUTOS = YES_AGGRESSIVE;
				GCC_WARN_UNUSED_FUNCTION = YES;
				GCC_WARN_UNUSED_VARIABLE = YES;
				LOCALIZATION_PREFERS_STRING_CATALOGS = YES;
				MTL_ENABLE_DEBUG_INFO = NO;
				MTL_FAST_MATH = YES;
				SDKROOT = appletvos;
				SWIFT_COMPILATION_MODE = wholemodule;
				TVOS_DEPLOYMENT_TARGET = 26.0;
				VALIDATE_PRODUCT = YES;
			};
			name = Release;
		};
		3FFDAEB22ED466C000859291 /* Debug */ = {
			isa = XCBuildConfiguration;
			buildSettings = {
				ASSETCATALOG_COMPILER_APPICON_NAME = "App Icon & Top Shelf Image";
				ASSETCATALOG_COMPILER_GLOBAL_ACCENT_COLOR_NAME = AccentColor;
				CODE_SIGN_STYLE = Automatic;
				CURRENT_PROJECT_VERSION = 1;
				ENABLE_PREVIEWS = YES;
				GENERATE_INFOPLIST_FILE = YES;
				INFOPLIST_KEY_UILaunchScreen_Generation = YES;
				INFOPLIST_KEY_UIUserInterfaceStyle = Automatic;
				LD_RUNPATH_SEARCH_PATHS = (
					"$(inherited)",
					"@executable_path/Frameworks",
				);
				MARKETING_VERSION = 1.0;
				PRODUCT_BUNDLE_IDENTIFIER = "name.Himash.QuizMaster-TV";
				PRODUCT_NAME = "$(TARGET_NAME)";
				STRING_CATALOG_GENERATE_SYMBOLS = YES;
				SWIFT_APPROACHABLE_CONCURRENCY = YES;
				SWIFT_DEFAULT_ACTOR_ISOLATION = MainActor;
				SWIFT_EMIT_LOC_STRINGS = YES;
				SWIFT_UPCOMING_FEATURE_MEMBER_IMPORT_VISIBILITY = YES;
				SWIFT_VERSION = 5.0;
				TARGETED_DEVICE_FAMILY = 3;
			};
			name = Debug;
		};
		3FFDAEB32ED466C000859291 /* Release */ = {
			isa = XCBuildConfiguration;
			buildSettings = {
				ASSETCATALOG_COMPILER_APPICON_NAME = "App Icon & Top Shelf Image";
				ASSETCATALOG_COMPILER_GLOBAL_ACCENT_COLOR_NAME = AccentColor;
				CODE_SIGN_STYLE = Automatic;
				CURRENT_PROJECT_VERSION = 1;
				ENABLE_PREVIEWS = YES;
				GENERATE_INFOPLIST_FILE = YES;
				INFOPLIST_KEY_UILaunchScreen_Generation = YES;
				INFOPLIST_KEY_UIUserInterfaceStyle = Automatic;
				LD_RUNPATH_SEARCH_PATHS = (
					"$(inherited)",
					"@executable_path/Frameworks",
				);
				MARKETING_VERSION = 1.0;
				PRODUCT_BUNDLE_IDENTIFIER = "name.Himash.QuizMaster-TV";
				PRODUCT_NAME = "$(TARGET_NAME)";
				STRING_CATALOG_GENERATE_SYMBOLS = YES;
				SWIFT_APPROACHABLE_CONCURRENCY = YES;
				SWIFT_DEFAULT_ACTOR_ISOLATION = MainActor;
				SWIFT_EMIT_LOC_STRINGS = YES;
				SWIFT_UPCOMING_FEATURE_MEMBER_IMPORT_VISIBILITY = YES;
				SWIFT_VERSION = 5.0;
				TARGETED_DEVICE_FAMILY = 3;
			};
			name = Release;
		};
		3FFDAEB52ED466C000859291 /* Debug */ = {
			isa = XCBuildConfiguration;
			buildSettings = {
				BUNDLE_LOADER = "$(TEST_HOST)";
				CODE_SIGN_STYLE = Automatic;
				CURRENT_PROJECT_VERSION = 1;
				GENERATE_INFOPLIST_FILE = YES;
				MARKETING_VERSION = 1.0;
				PRODUCT_BUNDLE_IDENTIFIER = "name.Himash.QuizMaster-TVTests";
				PRODUCT_NAME = "$(TARGET_NAME)";
				STRING_CATALOG_GENERATE_SYMBOLS = NO;
				SWIFT_APPROACHABLE_CONCURRENCY = YES;
				SWIFT_EMIT_LOC_STRINGS = NO;
				SWIFT_UPCOMING_FEATURE_MEMBER_IMPORT_VISIBILITY = YES;
				SWIFT_VERSION = 5.0;
				TARGETED_DEVICE_FAMILY = 3;
				TEST_HOST = "$(BUILT_PRODUCTS_DIR)/QuizMaster TV.app/$(BUNDLE_EXECUTABLE_FOLDER_PATH)/QuizMaster TV";
				TVOS_DEPLOYMENT_TARGET = 26.0;
			};
			name = Debug;
		};
		3FFDAEB62ED466C000859291 /* Release */ = {
			isa = XCBuildConfiguration;
			buildSettings = {
				BUNDLE_LOADER = "$(TEST_HOST)";
				CODE_SIGN_STYLE = Automatic;
				CURRENT_PROJECT_VERSION = 1;
				GENERATE_INFOPLIST_FILE = YES;
				MARKETING_VERSION = 1.0;
				PRODUCT_BUNDLE_IDENTIFIER = "name.Himash.QuizMaster-TVTests";
				PRODUCT_NAME = "$(TARGET_NAME)";
				STRING_CATALOG_GENERATE_SYMBOLS = NO;
				SWIFT_APPROACHABLE_CONCURRENCY = YES;
				SWIFT_EMIT_LOC_STRINGS = NO;
				SWIFT_UPCOMING_FEATURE_MEMBER_IMPORT_VISIBILITY = YES;
				SWIFT_VERSION = 5.0;
				TARGETED_DEVICE_FAMILY = 3;
				TEST_HOST = "$(BUILT_PRODUCTS_DIR)/QuizMaster TV.app/$(BUNDLE_EXECUTABLE_FOLDER_PATH)/QuizMaster TV";
				TVOS_DEPLOYMENT_TARGET = 26.0;
			};
			name = Release;
		};
		3FFDAEB82ED466C000859291 /* Debug */ = {
			isa = XCBuildConfiguration;
			buildSettings = {
				CODE_SIGN_STYLE = Automatic;
				CURRENT_PROJECT_VERSION = 1;
				GENERATE_INFOPLIST_FILE = YES;
				MARKETING_VERSION = 1.0;
				PRODUCT_BUNDLE_IDENTIFIER = "name.Himash.QuizMaster-TVUITests";
				PRODUCT_NAME = "$(TARGET_NAME)";
				STRING_CATALOG_GENERATE_SYMBOLS = NO;
				SWIFT_APPROACHABLE_CONCURRENCY = YES;
				SWIFT_EMIT_LOC_STRINGS = NO;
				SWIFT_UPCOMING_FEATURE_MEMBER_IMPORT_VISIBILITY = YES;
				SWIFT_VERSION = 5.0;
				TARGETED_DEVICE_FAMILY = 3;
				TEST_TARGET_NAME = "QuizMaster TV";
			};
			name = Debug;
		};
		3FFDAEB92ED466C000859291 /* Release */ = {
			isa = XCBuildConfiguration;
			buildSettings = {
				CODE_SIGN_STYLE = Automatic;
				CURRENT_PROJECT_VERSION = 1;
				GENERATE_INFOPLIST_FILE = YES;
				MARKETING_VERSION = 1.0;
				PRODUCT_BUNDLE_IDENTIFIER = "name.Himash.QuizMaster-TVUITests";
				PRODUCT_NAME = "$(TARGET_NAME)";
				STRING_CATALOG_GENERATE_SYMBOLS = NO;
				SWIFT_APPROACHABLE_CONCURRENCY = YES;
				SWIFT_EMIT_LOC_STRINGS = NO;
				SWIFT_UPCOMING_FEATURE_MEMBER_IMPORT_VISIBILITY = YES;
				SWIFT_VERSION = 5.0;
				TARGETED_DEVICE_FAMILY = 3;
				TEST_TARGET_NAME = "QuizMaster TV";
			};
			name = Release;
		};
/* End XCBuildConfiguration section */

/* Begin XCConfigurationList section */
		3FFDAE8B2ED466C000859291 /* Build configuration list for PBXProject "QuizMaster TV" */ = {
			isa = XCConfigurationList;
			buildConfigurations = (
				3FFDAEAF2ED466C000859291 /* Debug */,
				3FFDAEB02ED466C000859291 /* Release */,
			);
			defaultConfigurationIsVisible = 0;
			defaultConfigurationName = Release;
		};
		3FFDAEB12ED466C000859291 /* Build configuration list for PBXNativeTarget "QuizMaster TV" */ = {
			isa = XCConfigurationList;
			buildConfigurations = (
				3FFDAEB22ED466C000859291 /* Debug */,
				3FFDAEB32ED466C000859291 /* Release */,
			);
			defaultConfigurationIsVisible = 0;
			defaultConfigurationName = Release;
		};
		3FFDAEB42ED466C000859291 /* Build configuration list for PBXNativeTarget "QuizMaster TVTests" */ = {
			isa = XCConfigurationList;
			buildConfigurations = (
				3FFDAEB52ED466C000859291 /* Debug */,
				3FFDAEB62ED466C000859291 /* Release */,
			);
			defaultConfigurationIsVisible = 0;
			defaultConfigurationName = Release;
		};
		3FFDAEB72ED466C000859291 /* Build configuration list for PBXNativeTarget "QuizMaster TVUITests" */ = {
			isa = XCConfigurationList;
			buildConfigurations = (
				3FFDAEB82ED466C000859291 /* Debug */,
				3FFDAEB92ED466C000859291 /* Release */,
			);
			defaultConfigurationIsVisible = 0;
			defaultConfigurationName = Release;
		};
/* End XCConfigurationList section */
	};
	rootObject = 3FFDAE882ED466BF00859291 /* Project object */;
}
